
Microsoft Visual Studio Solution File, Format Version 12.00
# Visual Studio 15
VisualStudioVersion = 15.0.26403.7
MinimumVisualStudioVersion = 10.0.40219.1
Project("{FAE04EC0-301F-11D3-BF4B-00C04F79EFBC}") = "Web", "Web\Web.csproj", "{1A665D39-6112-4A32-A67F-B2669B3194AE}"
EndProject
Project("{FAE04EC0-301F-11D3-BF4B-00C04F79EFBC}") = "Web.Tests", "Web.Tests\Web.Tests.csproj", "{48B4C139-3798-473F-9ABD-41E5E26C2880}"
EndProject
Global
	GlobalSection(SolutionConfigurationPlatforms) = preSolution
		Debug|Any CPU = Debug|Any CPU
		Release|Any CPU = Release|Any CPU
	EndGlobalSection
	GlobalSection(ProjectConfigurationPlatforms) = postSolution
		{1A665D39-6112-4A32-A67F-B2669B3194AE}.Debug|Any CPU.ActiveCfg = Debug|Any CPU
		{1A665D39-6112-4A32-A67F-B2669B3194AE}.Debug|Any CPU.Build.0 = Debug|Any CPU
		{1A665D39-6112-4A32-A67F-B2669B3194AE}.Release|Any CPU.ActiveCfg = Release|Any CPU
		{1A665D39-6112-4A32-A67F-B2669B3194AE}.Release|Any CPU.Build.0 = Release|Any CPU
		{48B4C139-3798-473F-9ABD-41E5E26C2880}.Debug|Any CPU.ActiveCfg = Debug|Any CPU
		{48B4C139-3798-473F-9ABD-41E5E26C2880}.Debug|Any CPU.Build.0 = Debug|Any CPU
		{48B4C139-3798-473F-9ABD-41E5E26C2880}.Release|Any CPU.ActiveCfg = Release|Any CPU
		{48B4C139-3798-473F-9ABD-41E5E26C2880}.Release|Any CPU.Build.0 = Release|Any CPU
	EndGlobalSection
	GlobalSection(SolutionProperties) = preSolution
		HideSolutionNode = FALSE
	EndGlobalSection
EndGlobal
